// !$*UTF8*$!
{
	archiveVersion = 1;
	classes = {
	};
	objectVersion = 46;
	objects = {

/* Begin PBXBuildFile section */
		A3096F5F1BD38141002AFDF8 /* AppDelegate.swift in Sources */ = {isa = PBXBuildFile; fileRef = A3096F5E1BD38141002AFDF8 /* AppDelegate.swift */; };
		A3096F611BD38141002AFDF8 /* ViewController.swift in Sources */ = {isa = PBXBuildFile; fileRef = A3096F601BD38141002AFDF8 /* ViewController.swift */; };
		A3096F641BD38141002AFDF8 /* Main.storyboard in Resources */ = {isa = PBXBuildFile; fileRef = A3096F621BD38141002AFDF8 /* Main.storyboard */; };
		A3096F661BD38141002AFDF8 /* Assets.xcassets in Resources */ = {isa = PBXBuildFile; fileRef = A3096F651BD38141002AFDF8 /* Assets.xcassets */; };
		A3096F691BD38141002AFDF8 /* LaunchScreen.storyboard in Resources */ = {isa = PBXBuildFile; fileRef = A3096F671BD38141002AFDF8 /* LaunchScreen.storyboard */; };
		A3096F741BD38141002AFDF8 /* CollectionViewCodeTests.swift in Sources */ = {isa = PBXBuildFile; fileRef = A3096F731BD38141002AFDF8 /* CollectionViewCodeTests.swift */; };
		A3096F7F1BD38141002AFDF8 /* CollectionViewCodeUITests.swift in Sources */ = {isa = PBXBuildFile; fileRef = A3096F7E1BD38141002AFDF8 /* CollectionViewCodeUITests.swift */; };
		A3096F8E1BD38AF9002AFDF8 /* cView1Cell.swift in Sources */ = {isa = PBXBuildFile; fileRef = A3096F8C1BD38AF9002AFDF8 /* cView1Cell.swift */; };
		A3096F921BD38B31002AFDF8 /* cView2Cell.swift in Sources */ = {isa = PBXBuildFile; fileRef = A3096F901BD38B31002AFDF8 /* cView2Cell.swift */; };
		A3096F9B1BD3BD41002AFDF8 /* cView4Cell.swift in Sources */ = {isa = PBXBuildFile; fileRef = A3096F9A1BD3BD41002AFDF8 /* cView4Cell.swift */; };
		A3AC193A1C13F4D500985871 /* FaceSelectViewController.swift in Sources */ = {isa = PBXBuildFile; fileRef = A3AC19391C13F4D500985871 /* FaceSelectViewController.swift */; };
		A3C14C941C09CF1E00BCEFC3 /* cView5Cell.swift in Sources */ = {isa = PBXBuildFile; fileRef = A3C14C931C09CF1E00BCEFC3 /* cView5Cell.swift */; };
		A3EEAB461BEF152800808AB3 /* SubViewController.swift in Sources */ = {isa = PBXBuildFile; fileRef = A3EEAB451BEF152800808AB3 /* SubViewController.swift */; };
		A3EEAB8E1BEF292600808AB3 /* AddViewController.swift in Sources */ = {isa = PBXBuildFile; fileRef = A3EEAB8D1BEF292600808AB3 /* AddViewController.swift */; };
		D362859D1C54975E00175DF2 /* TutorialViewController.swift in Sources */ = {isa = PBXBuildFile; fileRef = D362859C1C54975E00175DF2 /* TutorialViewController.swift */; };
		D36A9C061C54B6F5005B3AFD /* addImage.png in Resources */ = {isa = PBXBuildFile; fileRef = D36A9BE91C54B6F5005B3AFD /* addImage.png */; };
		D36A9C071C54B6F5005B3AFD /* Background.png in Resources */ = {isa = PBXBuildFile; fileRef = D36A9BEA1C54B6F5005B3AFD /* Background.png */; };
		D36A9C081C54B6F5005B3AFD /* BasicFace.png in Resources */ = {isa = PBXBuildFile; fileRef = D36A9BEB1C54B6F5005B3AFD /* BasicFace.png */; };
		D36A9C091C54B6F5005B3AFD /* Cancel.png in Resources */ = {isa = PBXBuildFile; fileRef = D36A9BEC1C54B6F5005B3AFD /* Cancel.png */; };
		D36A9C0A1C54B6F5005B3AFD /* comment.png in Resources */ = {isa = PBXBuildFile; fileRef = D36A9BED1C54B6F5005B3AFD /* comment.png */; };
		D36A9C0B1C54B6F5005B3AFD /* eNIKKI.png in Resources */ = {isa = PBXBuildFile; fileRef = D36A9BEE1C54B6F5005B3AFD /* eNIKKI.png */; };
		D36A9C0C1C54B6F5005B3AFD /* HappyFace.png in Resources */ = {isa = PBXBuildFile; fileRef = D36A9BEF1C54B6F5005B3AFD /* HappyFace.png */; };
		D36A9C0D1C54B6F5005B3AFD /* location.png in Resources */ = {isa = PBXBuildFile; fileRef = D36A9BF01C54B6F5005B3AFD /* location.png */; };
		D36A9C0E1C54B6F5005B3AFD /* OriginPhoto.png in Resources */ = {isa = PBXBuildFile; fileRef = D36A9BF11C54B6F5005B3AFD /* OriginPhoto.png */; };
		D36A9C0F1C54B6F5005B3AFD /* PhotoLogo.png in Resources */ = {isa = PBXBuildFile; fileRef = D36A9BF21C54B6F5005B3AFD /* PhotoLogo.png */; };
		D36A9C1C1C54B6F5005B3AFD /* plate.png in Resources */ = {isa = PBXBuildFile; fileRef = D36A9C001C54B6F5005B3AFD /* plate.png */; };
		D36A9C1D1C54B6F5005B3AFD /* SadFace.png in Resources */ = {isa = PBXBuildFile; fileRef = D36A9C011C54B6F5005B3AFD /* SadFace.png */; };
		D36A9C1E1C54B6F5005B3AFD /* screw.png in Resources */ = {isa = PBXBuildFile; fileRef = D36A9C021C54B6F5005B3AFD /* screw.png */; };
		D36A9C1F1C54B6F5005B3AFD /* shadow_square.png in Resources */ = {isa = PBXBuildFile; fileRef = D36A9C031C54B6F5005B3AFD /* shadow_square.png */; };
		D36A9C201C54B6F5005B3AFD /* textfield.png in Resources */ = {isa = PBXBuildFile; fileRef = D36A9C041C54B6F5005B3AFD /* textfield.png */; };
		D36A9C211C54B6F5005B3AFD /* UpsetFace.png in Resources */ = {isa = PBXBuildFile; fileRef = D36A9C051C54B6F5005B3AFD /* UpsetFace.png */; };
		D36A9C241C54BB2A005B3AFD /* film.png in Resources */ = {isa = PBXBuildFile; fileRef = D36A9C231C54BB2A005B3AFD /* film.png */; };
		D3A125A81C670C7E002C9B55 /* saveIcon.png in Resources */ = {isa = PBXBuildFile; fileRef = D3A125A71C670C7E002C9B55 /* saveIcon.png */; };
		D3A125B21C672A33002C9B55 /* Tutorial1.png in Resources */ = {isa = PBXBuildFile; fileRef = D3A125AA1C672A33002C9B55 /* Tutorial1.png */; };
		D3A125B31C672A33002C9B55 /* Tutorial2.png in Resources */ = {isa = PBXBuildFile; fileRef = D3A125AB1C672A33002C9B55 /* Tutorial2.png */; };
		D3A125B41C672A33002C9B55 /* Tutorial3.png in Resources */ = {isa = PBXBuildFile; fileRef = D3A125AC1C672A33002C9B55 /* Tutorial3.png */; };
		D3A125B51C672A33002C9B55 /* Tutorial4.png in Resources */ = {isa = PBXBuildFile; fileRef = D3A125AD1C672A33002C9B55 /* Tutorial4.png */; };
		D3A125B61C672A33002C9B55 /* Tutorial5.png in Resources */ = {isa = PBXBuildFile; fileRef = D3A125AE1C672A33002C9B55 /* Tutorial5.png */; };
		D3A125B71C672A33002C9B55 /* Tutorial6.png in Resources */ = {isa = PBXBuildFile; fileRef = D3A125AF1C672A33002C9B55 /* Tutorial6.png */; };
		D3A125B81C672A33002C9B55 /* Tutorial7.png in Resources */ = {isa = PBXBuildFile; fileRef = D3A125B01C672A33002C9B55 /* Tutorial7.png */; };
		D3A125BA1C67CA67002C9B55 /* cView3Cell.swift in Sources */ = {isa = PBXBuildFile; fileRef = D3A125B91C67CA67002C9B55 /* cView3Cell.swift */; };
		D3A143801CDF1CD000F15E36 /* BoringFace.png in Resources */ = {isa = PBXBuildFile; fileRef = D3A1437E1CDF1CD000F15E36 /* BoringFace.png */; };
		D3A143811CDF1CD000F15E36 /* ConfusingFace.png in Resources */ = {isa = PBXBuildFile; fileRef = D3A1437F1CDF1CD000F15E36 /* ConfusingFace.png */; };
		D3E5611B1D3BCD3C00606D24 /* WonderFace.png in Resources */ = {isa = PBXBuildFile; fileRef = D3E5611A1D3BCD3C00606D24 /* WonderFace.png */; };
/* End PBXBuildFile section */

/* Begin PBXContainerItemProxy section */
		A3096F701BD38141002AFDF8 /* PBXContainerItemProxy */ = {
			isa = PBXContainerItemProxy;
			containerPortal = A3096F531BD38141002AFDF8 /* Project object */;
			proxyType = 1;
			remoteGlobalIDString = A3096F5A1BD38141002AFDF8;
			remoteInfo = CollectionViewCode;
		};
		A3096F7B1BD38141002AFDF8 /* PBXContainerItemProxy */ = {
			isa = PBXContainerItemProxy;
			containerPortal = A3096F531BD38141002AFDF8 /* Project object */;
			proxyType = 1;
			remoteGlobalIDString = A3096F5A1BD38141002AFDF8;
			remoteInfo = CollectionViewCode;
		};
/* End PBXContainerItemProxy section */

/* Begin PBXFileReference section */
		A3096F5B1BD38141002AFDF8 /* CollectionViewCode.app */ = {isa = PBXFileReference; explicitFileType = wrapper.application; includeInIndex = 0; path = CollectionViewCode.app; sourceTree = BUILT_PRODUCTS_DIR; };
		A3096F5E1BD38141002AFDF8 /* AppDelegate.swift */ = {isa = PBXFileReference; lastKnownFileType = sourcecode.swift; path = AppDelegate.swift; sourceTree = "<group>"; };
		A3096F601BD38141002AFDF8 /* ViewController.swift */ = {isa = PBXFileReference; lastKnownFileType = sourcecode.swift; path = ViewController.swift; sourceTree = "<group>"; };
		A3096F631BD38141002AFDF8 /* Base */ = {isa = PBXFileReference; lastKnownFileType = file.storyboard; name = Base; path = Base.lproj/Main.storyboard; sourceTree = "<group>"; };
		A3096F651BD38141002AFDF8 /* Assets.xcassets */ = {isa = PBXFileReference; lastKnownFileType = folder.assetcatalog; path = Assets.xcassets; sourceTree = "<group>"; };
		A3096F681BD38141002AFDF8 /* Base */ = {isa = PBXFileReference; lastKnownFileType = file.storyboard; name = Base; path = Base.lproj/LaunchScreen.storyboard; sourceTree = "<group>"; };
		A3096F6A1BD38141002AFDF8 /* Info.plist */ = {isa = PBXFileReference; lastKnownFileType = text.plist.xml; path = Info.plist; sourceTree = "<group>"; };
		A3096F6F1BD38141002AFDF8 /* CollectionViewCodeTests.xctest */ = {isa = PBXFileReference; explicitFileType = wrapper.cfbundle; includeInIndex = 0; path = CollectionViewCodeTests.xctest; sourceTree = BUILT_PRODUCTS_DIR; };
		A3096F731BD38141002AFDF8 /* CollectionViewCodeTests.swift */ = {isa = PBXFileReference; lastKnownFileType = sourcecode.swift; path = CollectionViewCodeTests.swift; sourceTree = "<group>"; };
		A3096F751BD38141002AFDF8 /* Info.plist */ = {isa = PBXFileReference; lastKnownFileType = text.plist.xml; path = Info.plist; sourceTree = "<group>"; };
		A3096F7A1BD38141002AFDF8 /* CollectionViewCodeUITests.xctest */ = {isa = PBXFileReference; explicitFileType = wrapper.cfbundle; includeInIndex = 0; path = CollectionViewCodeUITests.xctest; sourceTree = BUILT_PRODUCTS_DIR; };
		A3096F7E1BD38141002AFDF8 /* CollectionViewCodeUITests.swift */ = {isa = PBXFileReference; lastKnownFileType = sourcecode.swift; path = CollectionViewCodeUITests.swift; sourceTree = "<group>"; };
		A3096F801BD38141002AFDF8 /* Info.plist */ = {isa = PBXFileReference; lastKnownFileType = text.plist.xml; path = Info.plist; sourceTree = "<group>"; };
		A3096F8C1BD38AF9002AFDF8 /* cView1Cell.swift */ = {isa = PBXFileReference; fileEncoding = 4; lastKnownFileType = sourcecode.swift; path = cView1Cell.swift; sourceTree = "<group>"; };
		A3096F901BD38B31002AFDF8 /* cView2Cell.swift */ = {isa = PBXFileReference; fileEncoding = 4; lastKnownFileType = sourcecode.swift; path = cView2Cell.swift; sourceTree = "<group>"; };
		A3096F9A1BD3BD41002AFDF8 /* cView4Cell.swift */ = {isa = PBXFileReference; fileEncoding = 4; lastKnownFileType = sourcecode.swift; path = cView4Cell.swift; sourceTree = "<group>"; };
		A3AC19391C13F4D500985871 /* FaceSelectViewController.swift */ = {isa = PBXFileReference; fileEncoding = 4; lastKnownFileType = sourcecode.swift; path = FaceSelectViewController.swift; sourceTree = "<group>"; };
		A3C14C931C09CF1E00BCEFC3 /* cView5Cell.swift */ = {isa = PBXFileReference; fileEncoding = 4; lastKnownFileType = sourcecode.swift; path = cView5Cell.swift; sourceTree = "<group>"; };
		A3EEAB451BEF152800808AB3 /* SubViewController.swift */ = {isa = PBXFileReference; fileEncoding = 4; lastKnownFileType = sourcecode.swift; path = SubViewController.swift; sourceTree = "<group>"; };
		A3EEAB8D1BEF292600808AB3 /* AddViewController.swift */ = {isa = PBXFileReference; fileEncoding = 4; lastKnownFileType = sourcecode.swift; path = AddViewController.swift; sourceTree = "<group>"; };
		D362859C1C54975E00175DF2 /* TutorialViewController.swift */ = {isa = PBXFileReference; fileEncoding = 4; lastKnownFileType = sourcecode.swift; path = TutorialViewController.swift; sourceTree = "<group>"; };
		D36A9BE91C54B6F5005B3AFD /* addImage.png */ = {isa = PBXFileReference; lastKnownFileType = image.png; path = addImage.png; sourceTree = "<group>"; };
		D36A9BEA1C54B6F5005B3AFD /* Background.png */ = {isa = PBXFileReference; lastKnownFileType = image.png; path = Background.png; sourceTree = "<group>"; };
		D36A9BEB1C54B6F5005B3AFD /* BasicFace.png */ = {isa = PBXFileReference; lastKnownFileType = image.png; path = BasicFace.png; sourceTree = "<group>"; };
		D36A9BEC1C54B6F5005B3AFD /* Cancel.png */ = {isa = PBXFileReference; lastKnownFileType = image.png; path = Cancel.png; sourceTree = "<group>"; };
		D36A9BED1C54B6F5005B3AFD /* comment.png */ = {isa = PBXFileReference; lastKnownFileType = image.png; path = comment.png; sourceTree = "<group>"; };
		D36A9BEE1C54B6F5005B3AFD /* eNIKKI.png */ = {isa = PBXFileReference; lastKnownFileType = image.png; path = eNIKKI.png; sourceTree = "<group>"; };
		D36A9BEF1C54B6F5005B3AFD /* HappyFace.png */ = {isa = PBXFileReference; lastKnownFileType = image.png; path = HappyFace.png; sourceTree = "<group>"; };
		D36A9BF01C54B6F5005B3AFD /* location.png */ = {isa = PBXFileReference; lastKnownFileType = image.png; path = location.png; sourceTree = "<group>"; };
		D36A9BF11C54B6F5005B3AFD /* OriginPhoto.png */ = {isa = PBXFileReference; lastKnownFileType = image.png; path = OriginPhoto.png; sourceTree = "<group>"; };
		D36A9BF21C54B6F5005B3AFD /* PhotoLogo.png */ = {isa = PBXFileReference; lastKnownFileType = image.png; path = PhotoLogo.png; sourceTree = "<group>"; };
		D36A9C001C54B6F5005B3AFD /* plate.png */ = {isa = PBXFileReference; lastKnownFileType = image.png; path = plate.png; sourceTree = "<group>"; };
		D36A9C011C54B6F5005B3AFD /* SadFace.png */ = {isa = PBXFileReference; lastKnownFileType = image.png; path = SadFace.png; sourceTree = "<group>"; };
		D36A9C021C54B6F5005B3AFD /* screw.png */ = {isa = PBXFileReference; lastKnownFileType = image.png; path = screw.png; sourceTree = "<group>"; };
		D36A9C031C54B6F5005B3AFD /* shadow_square.png */ = {isa = PBXFileReference; lastKnownFileType = image.png; path = shadow_square.png; sourceTree = "<group>"; };
		D36A9C041C54B6F5005B3AFD /* textfield.png */ = {isa = PBXFileReference; lastKnownFileType = image.png; path = textfield.png; sourceTree = "<group>"; };
		D36A9C051C54B6F5005B3AFD /* UpsetFace.png */ = {isa = PBXFileReference; lastKnownFileType = image.png; path = UpsetFace.png; sourceTree = "<group>"; };
		D36A9C231C54BB2A005B3AFD /* film.png */ = {isa = PBXFileReference; lastKnownFileType = image.png; path = film.png; sourceTree = "<group>"; };
		D3A125A71C670C7E002C9B55 /* saveIcon.png */ = {isa = PBXFileReference; lastKnownFileType = image.png; path = saveIcon.png; sourceTree = "<group>"; };
		D3A125AA1C672A33002C9B55 /* Tutorial1.png */ = {isa = PBXFileReference; lastKnownFileType = image.png; path = Tutorial1.png; sourceTree = "<group>"; };
		D3A125AB1C672A33002C9B55 /* Tutorial2.png */ = {isa = PBXFileReference; lastKnownFileType = image.png; path = Tutorial2.png; sourceTree = "<group>"; };
		D3A125AC1C672A33002C9B55 /* Tutorial3.png */ = {isa = PBXFileReference; lastKnownFileType = image.png; path = Tutorial3.png; sourceTree = "<group>"; };
		D3A125AD1C672A33002C9B55 /* Tutorial4.png */ = {isa = PBXFileReference; lastKnownFileType = image.png; path = Tutorial4.png; sourceTree = "<group>"; };
		D3A125AE1C672A33002C9B55 /* Tutorial5.png */ = {isa = PBXFileReference; lastKnownFileType = image.png; path = Tutorial5.png; sourceTree = "<group>"; };
		D3A125AF1C672A33002C9B55 /* Tutorial6.png */ = {isa = PBXFileReference; lastKnownFileType = image.png; path = Tutorial6.png; sourceTree = "<group>"; };
		D3A125B01C672A33002C9B55 /* Tutorial7.png */ = {isa = PBXFileReference; lastKnownFileType = image.png; path = Tutorial7.png; sourceTree = "<group>"; };
		D3A125B91C67CA67002C9B55 /* cView3Cell.swift */ = {isa = PBXFileReference; fileEncoding = 4; lastKnownFileType = sourcecode.swift; path = cView3Cell.swift; sourceTree = "<group>"; };
		D3A1437E1CDF1CD000F15E36 /* BoringFace.png */ = {isa = PBXFileReference; lastKnownFileType = image.png; path = BoringFace.png; sourceTree = "<group>"; };
		D3A1437F1CDF1CD000F15E36 /* ConfusingFace.png */ = {isa = PBXFileReference; lastKnownFileType = image.png; path = ConfusingFace.png; sourceTree = "<group>"; };
		D3E5611A1D3BCD3C00606D24 /* WonderFace.png */ = {isa = PBXFileReference; lastKnownFileType = image.png; path = WonderFace.png; sourceTree = "<group>"; };
/* End PBXFileReference section */

/* Begin PBXFrameworksBuildPhase section */
		A3096F581BD38141002AFDF8 /* Frameworks */ = {
			isa = PBXFrameworksBuildPhase;
			buildActionMask = 2147483647;
			files = (
			);
			runOnlyForDeploymentPostprocessing = 0;
		};
		A3096F6C1BD38141002AFDF8 /* Frameworks */ = {
			isa = PBXFrameworksBuildPhase;
			buildActionMask = 2147483647;
			files = (
			);
			runOnlyForDeploymentPostprocessing = 0;
		};
		A3096F771BD38141002AFDF8 /* Frameworks */ = {
			isa = PBXFrameworksBuildPhase;
			buildActionMask = 2147483647;
			files = (
			);
			runOnlyForDeploymentPostprocessing = 0;
		};
/* End PBXFrameworksBuildPhase section */

/* Begin PBXGroup section */
		A3096F521BD38141002AFDF8 = {
			isa = PBXGroup;
			children = (
				A3096F5D1BD38141002AFDF8 /* CollectionViewCode */,
				A3096F721BD38141002AFDF8 /* CollectionViewCodeTests */,
				A3096F7D1BD38141002AFDF8 /* CollectionViewCodeUITests */,
				A3096F5C1BD38141002AFDF8 /* Products */,
			);
			sourceTree = "<group>";
			usesTabs = 0;
		};
		A3096F5C1BD38141002AFDF8 /* Products */ = {
			isa = PBXGroup;
			children = (
				A3096F5B1BD38141002AFDF8 /* CollectionViewCode.app */,
				A3096F6F1BD38141002AFDF8 /* CollectionViewCodeTests.xctest */,
				A3096F7A1BD38141002AFDF8 /* CollectionViewCodeUITests.xctest */,
			);
			name = Products;
			sourceTree = "<group>";
		};
		A3096F5D1BD38141002AFDF8 /* CollectionViewCode */ = {
			isa = PBXGroup;
			children = (
				D36A9C221C54B713005B3AFD /* material */,
				A3096F5E1BD38141002AFDF8 /* AppDelegate.swift */,
				A3096F601BD38141002AFDF8 /* ViewController.swift */,
				D362859C1C54975E00175DF2 /* TutorialViewController.swift */,
				A3EEAB8D1BEF292600808AB3 /* AddViewController.swift */,
				A3AC19391C13F4D500985871 /* FaceSelectViewController.swift */,
				A3EEAB451BEF152800808AB3 /* SubViewController.swift */,
				A3096F8C1BD38AF9002AFDF8 /* cView1Cell.swift */,
				A3096F901BD38B31002AFDF8 /* cView2Cell.swift */,
				D3A125B91C67CA67002C9B55 /* cView3Cell.swift */,
				A3096F9A1BD3BD41002AFDF8 /* cView4Cell.swift */,
				A3C14C931C09CF1E00BCEFC3 /* cView5Cell.swift */,
				A3096F621BD38141002AFDF8 /* Main.storyboard */,
				A3096F651BD38141002AFDF8 /* Assets.xcassets */,
				A3096F671BD38141002AFDF8 /* LaunchScreen.storyboard */,
				A3096F6A1BD38141002AFDF8 /* Info.plist */,
			);
			path = CollectionViewCode;
			sourceTree = "<group>";
		};
		A3096F721BD38141002AFDF8 /* CollectionViewCodeTests */ = {
			isa = PBXGroup;
			children = (
				A3096F731BD38141002AFDF8 /* CollectionViewCodeTests.swift */,
				A3096F751BD38141002AFDF8 /* Info.plist */,
			);
			path = CollectionViewCodeTests;
			sourceTree = "<group>";
		};
		A3096F7D1BD38141002AFDF8 /* CollectionViewCodeUITests */ = {
			isa = PBXGroup;
			children = (
				A3096F7E1BD38141002AFDF8 /* CollectionViewCodeUITests.swift */,
				A3096F801BD38141002AFDF8 /* Info.plist */,
			);
			path = CollectionViewCodeUITests;
			sourceTree = "<group>";
		};
		D36A9C221C54B713005B3AFD /* material */ = {
			isa = PBXGroup;
			children = (
				D3E5611A1D3BCD3C00606D24 /* WonderFace.png */,
				D3A1437E1CDF1CD000F15E36 /* BoringFace.png */,
				D3A1437F1CDF1CD000F15E36 /* ConfusingFace.png */,
				D36A9C231C54BB2A005B3AFD /* film.png */,
				D36A9BE91C54B6F5005B3AFD /* addImage.png */,
				D36A9BEA1C54B6F5005B3AFD /* Background.png */,
				D36A9BEB1C54B6F5005B3AFD /* BasicFace.png */,
				D36A9BEC1C54B6F5005B3AFD /* Cancel.png */,
				D3A125AA1C672A33002C9B55 /* Tutorial1.png */,
				D3A125AB1C672A33002C9B55 /* Tutorial2.png */,
				D3A125AC1C672A33002C9B55 /* Tutorial3.png */,
				D3A125AD1C672A33002C9B55 /* Tutorial4.png */,
				D3A125AE1C672A33002C9B55 /* Tutorial5.png */,
				D3A125AF1C672A33002C9B55 /* Tutorial6.png */,
				D3A125B01C672A33002C9B55 /* Tutorial7.png */,
				D36A9BED1C54B6F5005B3AFD /* comment.png */,
				D36A9BEE1C54B6F5005B3AFD /* eNIKKI.png */,
				D36A9BEF1C54B6F5005B3AFD /* HappyFace.png */,
				D3A125A71C670C7E002C9B55 /* saveIcon.png */,
				D36A9BF01C54B6F5005B3AFD /* location.png */,
				D36A9BF11C54B6F5005B3AFD /* OriginPhoto.png */,
				D36A9BF21C54B6F5005B3AFD /* PhotoLogo.png */,
				D36A9C001C54B6F5005B3AFD /* plate.png */,
				D36A9C011C54B6F5005B3AFD /* SadFace.png */,
				D36A9C021C54B6F5005B3AFD /* screw.png */,
				D36A9C031C54B6F5005B3AFD /* shadow_square.png */,
				D36A9C041C54B6F5005B3AFD /* textfield.png */,
				D36A9C051C54B6F5005B3AFD /* UpsetFace.png */,
			);
			name = material;
			sourceTree = "<group>";
		};
/* End PBXGroup section */

/* Begin PBXNativeTarget section */
		A3096F5A1BD38141002AFDF8 /* CollectionViewCode */ = {
			isa = PBXNativeTarget;
			buildConfigurationList = A3096F831BD38141002AFDF8 /* Build configuration list for PBXNativeTarget "CollectionViewCode" */;
			buildPhases = (
				A3096F571BD38141002AFDF8 /* Sources */,
				A3096F581BD38141002AFDF8 /* Frameworks */,
				A3096F591BD38141002AFDF8 /* Resources */,
			);
			buildRules = (
			);
			dependencies = (
			);
			name = CollectionViewCode;
			productName = CollectionViewCode;
			productReference = A3096F5B1BD38141002AFDF8 /* CollectionViewCode.app */;
			productType = "com.apple.product-type.application";
		};
		A3096F6E1BD38141002AFDF8 /* CollectionViewCodeTests */ = {
			isa = PBXNativeTarget;
			buildConfigurationList = A3096F861BD38141002AFDF8 /* Build configuration list for PBXNativeTarget "CollectionViewCodeTests" */;
			buildPhases = (
				A3096F6B1BD38141002AFDF8 /* Sources */,
				A3096F6C1BD38141002AFDF8 /* Frameworks */,
				A3096F6D1BD38141002AFDF8 /* Resources */,
			);
			buildRules = (
			);
			dependencies = (
				A3096F711BD38141002AFDF8 /* PBXTargetDependency */,
			);
			name = CollectionViewCodeTests;
			productName = CollectionViewCodeTests;
			productReference = A3096F6F1BD38141002AFDF8 /* CollectionViewCodeTests.xctest */;
			productType = "com.apple.product-type.bundle.unit-test";
		};
		A3096F791BD38141002AFDF8 /* CollectionViewCodeUITests */ = {
			isa = PBXNativeTarget;
			buildConfigurationList = A3096F891BD38141002AFDF8 /* Build configuration list for PBXNativeTarget "CollectionViewCodeUITests" */;
			buildPhases = (
				A3096F761BD38141002AFDF8 /* Sources */,
				A3096F771BD38141002AFDF8 /* Frameworks */,
				A3096F781BD38141002AFDF8 /* Resources */,
			);
			buildRules = (
			);
			dependencies = (
				A3096F7C1BD38141002AFDF8 /* PBXTargetDependency */,
			);
			name = CollectionViewCodeUITests;
			productName = CollectionViewCodeUITests;
			productReference = A3096F7A1BD38141002AFDF8 /* CollectionViewCodeUITests.xctest */;
			productType = "com.apple.product-type.bundle.ui-testing";
		};
/* End PBXNativeTarget section */

/* Begin PBXProject section */
		A3096F531BD38141002AFDF8 /* Project object */ = {
			isa = PBXProject;
			attributes = {
				LastUpgradeCheck = 0700;
				ORGANIZATIONNAME = "#app";
				TargetAttributes = {
					A3096F5A1BD38141002AFDF8 = {
						CreatedOnToolsVersion = 7.0;
						DevelopmentTeam = K9CDYU7438;
					};
					A3096F6E1BD38141002AFDF8 = {
						CreatedOnToolsVersion = 7.0;
						TestTargetID = A3096F5A1BD38141002AFDF8;
					};
					A3096F791BD38141002AFDF8 = {
						CreatedOnToolsVersion = 7.0;
						TestTargetID = A3096F5A1BD38141002AFDF8;
					};
				};
			};
			buildConfigurationList = A3096F561BD38141002AFDF8 /* Build configuration list for PBXProject "CollectionViewCode" */;
			compatibilityVersion = "Xcode 3.2";
			developmentRegion = English;
			hasScannedForEncodings = 0;
			knownRegions = (
				en,
				Base,
			);
			mainGroup = A3096F521BD38141002AFDF8;
			productRefGroup = A3096F5C1BD38141002AFDF8 /* Products */;
			projectDirPath = "";
			projectRoot = "";
			targets = (
				A3096F5A1BD38141002AFDF8 /* CollectionViewCode */,
				A3096F6E1BD38141002AFDF8 /* CollectionViewCodeTests */,
				A3096F791BD38141002AFDF8 /* CollectionViewCodeUITests */,
			);
		};
/* End PBXProject section */

/* Begin PBXResourcesBuildPhase section */
		A3096F591BD38141002AFDF8 /* Resources */ = {
			isa = PBXResourcesBuildPhase;
			buildActionMask = 2147483647;
			files = (
				D3A125B61C672A33002C9B55 /* Tutorial5.png in Resources */,
				D36A9C211C54B6F5005B3AFD /* UpsetFace.png in Resources */,
				D36A9C0E1C54B6F5005B3AFD /* OriginPhoto.png in Resources */,
				D36A9C241C54BB2A005B3AFD /* film.png in Resources */,
				D3A125B41C672A33002C9B55 /* Tutorial3.png in Resources */,
				D3A125B21C672A33002C9B55 /* Tutorial1.png in Resources */,
				D36A9C1D1C54B6F5005B3AFD /* SadFace.png in Resources */,
				D36A9C1F1C54B6F5005B3AFD /* shadow_square.png in Resources */,
				D3A125B51C672A33002C9B55 /* Tutorial4.png in Resources */,
				D36A9C1C1C54B6F5005B3AFD /* plate.png in Resources */,
				D3A125B31C672A33002C9B55 /* Tutorial2.png in Resources */,
				A3096F691BD38141002AFDF8 /* LaunchScreen.storyboard in Resources */,
				D36A9C0F1C54B6F5005B3AFD /* PhotoLogo.png in Resources */,
				D36A9C1E1C54B6F5005B3AFD /* screw.png in Resources */,
				D36A9C0A1C54B6F5005B3AFD /* comment.png in Resources */,
				A3096F661BD38141002AFDF8 /* Assets.xcassets in Resources */,
				D36A9C0B1C54B6F5005B3AFD /* eNIKKI.png in Resources */,
				D36A9C071C54B6F5005B3AFD /* Background.png in Resources */,
				D3A125B81C672A33002C9B55 /* Tutorial7.png in Resources */,
				D36A9C081C54B6F5005B3AFD /* BasicFace.png in Resources */,
				A3096F641BD38141002AFDF8 /* Main.storyboard in Resources */,
				D36A9C061C54B6F5005B3AFD /* addImage.png in Resources */,
				D36A9C0D1C54B6F5005B3AFD /* location.png in Resources */,
				D36A9C091C54B6F5005B3AFD /* Cancel.png in Resources */,
				D36A9C201C54B6F5005B3AFD /* textfield.png in Resources */,
				D3A125B71C672A33002C9B55 /* Tutorial6.png in Resources */,
				D3A143811CDF1CD000F15E36 /* ConfusingFace.png in Resources */,
				D36A9C0C1C54B6F5005B3AFD /* HappyFace.png in Resources */,
				D3A125A81C670C7E002C9B55 /* saveIcon.png in Resources */,
				D3A143801CDF1CD000F15E36 /* BoringFace.png in Resources */,
				D3E5611B1D3BCD3C00606D24 /* WonderFace.png in Resources */,
			);
			runOnlyForDeploymentPostprocessing = 0;
		};
		A3096F6D1BD38141002AFDF8 /* Resources */ = {
			isa = PBXResourcesBuildPhase;
			buildActionMask = 2147483647;
			files = (
			);
			runOnlyForDeploymentPostprocessing = 0;
		};
		A3096F781BD38141002AFDF8 /* Resources */ = {
			isa = PBXResourcesBuildPhase;
			buildActionMask = 2147483647;
			files = (
			);
			runOnlyForDeploymentPostprocessing = 0;
		};
/* End PBXResourcesBuildPhase section */

/* Begin PBXSourcesBuildPhase section */
		A3096F571BD38141002AFDF8 /* Sources */ = {
			isa = PBXSourcesBuildPhase;
			buildActionMask = 2147483647;
			files = (
				A3096F611BD38141002AFDF8 /* ViewController.swift in Sources */,
				A3096F9B1BD3BD41002AFDF8 /* cView4Cell.swift in Sources */,
				A3EEAB8E1BEF292600808AB3 /* AddViewController.swift in Sources */,
				A3EEAB461BEF152800808AB3 /* SubViewController.swift in Sources */,
				D3A125BA1C67CA67002C9B55 /* cView3Cell.swift in Sources */,
				A3096F5F1BD38141002AFDF8 /* AppDelegate.swift in Sources */,
				A3AC193A1C13F4D500985871 /* FaceSelectViewController.swift in Sources */,
				A3C14C941C09CF1E00BCEFC3 /* cView5Cell.swift in Sources */,
				A3096F8E1BD38AF9002AFDF8 /* cView1Cell.swift in Sources */,
				D362859D1C54975E00175DF2 /* TutorialViewController.swift in Sources */,
				A3096F921BD38B31002AFDF8 /* cView2Cell.swift in Sources */,
			);
			runOnlyForDeploymentPostprocessing = 0;
		};
		A3096F6B1BD38141002AFDF8 /* Sources */ = {
			isa = PBXSourcesBuildPhase;
			buildActionMask = 2147483647;
			files = (
				A3096F741BD38141002AFDF8 /* CollectionViewCodeTests.swift in Sources */,
			);
			runOnlyForDeploymentPostprocessing = 0;
		};
		A3096F761BD38141002AFDF8 /* Sources */ = {
			isa = PBXSourcesBuildPhase;
			buildActionMask = 2147483647;
			files = (
				A3096F7F1BD38141002AFDF8 /* CollectionViewCodeUITests.swift in Sources */,
			);
			runOnlyForDeploymentPostprocessing = 0;
		};
/* End PBXSourcesBuildPhase section */

/* Begin PBXTargetDependency section */
		A3096F711BD38141002AFDF8 /* PBXTargetDependency */ = {
			isa = PBXTargetDependency;
			target = A3096F5A1BD38141002AFDF8 /* CollectionViewCode */;
			targetProxy = A3096F701BD38141002AFDF8 /* PBXContainerItemProxy */;
		};
		A3096F7C1BD38141002AFDF8 /* PBXTargetDependency */ = {
			isa = PBXTargetDependency;
			target = A3096F5A1BD38141002AFDF8 /* CollectionViewCode */;
			targetProxy = A3096F7B1BD38141002AFDF8 /* PBXContainerItemProxy */;
		};
/* End PBXTargetDependency section */

/* Begin PBXVariantGroup section */
		A3096F621BD38141002AFDF8 /* Main.storyboard */ = {
			isa = PBXVariantGroup;
			children = (
				A3096F631BD38141002AFDF8 /* Base */,
			);
			name = Main.storyboard;
			sourceTree = "<group>";
		};
		A3096F671BD38141002AFDF8 /* LaunchScreen.storyboard */ = {
			isa = PBXVariantGroup;
			children = (
				A3096F681BD38141002AFDF8 /* Base */,
			);
			name = LaunchScreen.storyboard;
			sourceTree = "<group>";
		};
/* End PBXVariantGroup section */

/* Begin XCBuildConfiguration section */
		A3096F811BD38141002AFDF8 /* Debug */ = {
			isa = XCBuildConfiguration;
			buildSettings = {
				ALWAYS_SEARCH_USER_PATHS = NO;
				CLANG_CXX_LANGUAGE_STANDARD = "gnu++0x";
				CLANG_CXX_LIBRARY = "libc++";
				CLANG_ENABLE_MODULES = YES;
				CLANG_ENABLE_OBJC_ARC = YES;
				CLANG_WARN_BOOL_CONVERSION = YES;
				CLANG_WARN_CONSTANT_CONVERSION = YES;
				CLANG_WARN_DIRECT_OBJC_ISA_USAGE = YES_ERROR;
				CLANG_WARN_EMPTY_BODY = YES;
				CLANG_WARN_ENUM_CONVERSION = YES;
				CLANG_WARN_INT_CONVERSION = YES;
				CLANG_WARN_OBJC_ROOT_CLASS = YES_ERROR;
				CLANG_WARN_UNREACHABLE_CODE = YES;
				CLANG_WARN__DUPLICATE_METHOD_MATCH = YES;
				"CODE_SIGN_IDENTITY[sdk=iphoneos*]" = "iPhone Developer";
				COPY_PHASE_STRIP = NO;
				DEBUG_INFORMATION_FORMAT = dwarf;
				ENABLE_STRICT_OBJC_MSGSEND = YES;
				ENABLE_TESTABILITY = YES;
				GCC_C_LANGUAGE_STANDARD = gnu99;
				GCC_DYNAMIC_NO_PIC = NO;
				GCC_NO_COMMON_BLOCKS = YES;
				GCC_OPTIMIZATION_LEVEL = 0;
				GCC_PREPROCESSOR_DEFINITIONS = (
					"DEBUG=1",
					"$(inherited)",
				);
				GCC_WARN_64_TO_32_BIT_CONVERSION = YES;
				GCC_WARN_ABOUT_RETURN_TYPE = YES_ERROR;
				GCC_WARN_UNDECLARED_SELECTOR = YES;
				GCC_WARN_UNINITIALIZED_AUTOS = YES_AGGRESSIVE;
				GCC_WARN_UNUSED_FUNCTION = YES;
				GCC_WARN_UNUSED_VARIABLE = YES;
				IPHONEOS_DEPLOYMENT_TARGET = 9.0;
				MTL_ENABLE_DEBUG_INFO = YES;
				ONLY_ACTIVE_ARCH = YES;
				SDKROOT = iphoneos;
				SWIFT_OPTIMIZATION_LEVEL = "-Onone";
			};
			name = Debug;
		};
		A3096F821BD38141002AFDF8 /* Release */ = {
			isa = XCBuildConfiguration;
			buildSettings = {
				ALWAYS_SEARCH_USER_PATHS = NO;
				CLANG_CXX_LANGUAGE_STANDARD = "gnu++0x";
				CLANG_CXX_LIBRARY = "libc++";
				CLANG_ENABLE_MODULES = YES;
				CLANG_ENABLE_OBJC_ARC = YES;
				CLANG_WARN_BOOL_CONVERSION = YES;
				CLANG_WARN_CONSTANT_CONVERSION = YES;
				CLANG_WARN_DIRECT_OBJC_ISA_USAGE = YES_ERROR;
				CLANG_WARN_EMPTY_BODY = YES;
				CLANG_WARN_ENUM_CONVERSION = YES;
				CLANG_WARN_INT_CONVERSION = YES;
				CLANG_WARN_OBJC_ROOT_CLASS = YES_ERROR;
				CLANG_WARN_UNREACHABLE_CODE = YES;
				CLANG_WARN__DUPLICATE_METHOD_MATCH = YES;
				"CODE_SIGN_IDENTITY[sdk=iphoneos*]" = "iPhone Developer";
				COPY_PHASE_STRIP = NO;
				DEBUG_INFORMATION_FORMAT = "dwarf-with-dsym";
				ENABLE_NS_ASSERTIONS = NO;
				ENABLE_STRICT_OBJC_MSGSEND = YES;
				GCC_C_LANGUAGE_STANDARD = gnu99;
				GCC_NO_COMMON_BLOCKS = YES;
				GCC_WARN_64_TO_32_BIT_CONVERSION = YES;
				GCC_WARN_ABOUT_RETURN_TYPE = YES_ERROR;
				GCC_WARN_UNDECLARED_SELECTOR = YES;
				GCC_WARN_UNINITIALIZED_AUTOS = YES_AGGRESSIVE;
				GCC_WARN_UNUSED_FUNCTION = YES;
				GCC_WARN_UNUSED_VARIABLE = YES;
				IPHONEOS_DEPLOYMENT_TARGET = 9.0;
				MTL_ENABLE_DEBUG_INFO = NO;
				SDKROOT = iphoneos;
				VALIDATE_PRODUCT = YES;
			};
			name = Release;
		};
		A3096F841BD38141002AFDF8 /* Debug */ = {
			isa = XCBuildConfiguration;
			buildSettings = {
				ASSETCATALOG_COMPILER_APPICON_NAME = AppIcon;
				CODE_SIGN_IDENTITY = "iPhone Distribution: Shinichiro Ono (K9CDYU7438)";
				"CODE_SIGN_IDENTITY[sdk=iphoneos*]" = "iPhone Distribution: Shinichiro Ono (K9CDYU7438)";
				INFOPLIST_FILE = CollectionViewCode/Info.plist;
				IPHONEOS_DEPLOYMENT_TARGET = 9.0;
				LD_RUNPATH_SEARCH_PATHS = "$(inherited) @executable_path/Frameworks";
				PRODUCT_BUNDLE_IDENTIFIER = com.kfcc.CollectionViewCode;
				PRODUCT_NAME = "$(TARGET_NAME)";
				PROVISIONING_PROFILE = "8e847407-6fd2-47f6-935c-9986392b75fd";
			};
			name = Debug;
		};
		A3096F851BD38141002AFDF8 /* Release */ = {
			isa = XCBuildConfiguration;
			buildSettings = {
				ASSETCATALOG_COMPILER_APPICON_NAME = AppIcon;
				CODE_SIGN_IDENTITY = "iPhone Distribution: Shinichiro Ono (K9CDYU7438)";
				"CODE_SIGN_IDENTITY[sdk=iphoneos*]" = "iPhone Distribution: Shinichiro Ono (K9CDYU7438)";
				INFOPLIST_FILE = CollectionViewCode/Info.plist;
				IPHONEOS_DEPLOYMENT_TARGET = 9.0;
				LD_RUNPATH_SEARCH_PATHS = "$(inherited) @executable_path/Frameworks";
				PRODUCT_BUNDLE_IDENTIFIER = com.kfcc.CollectionViewCode;
				PRODUCT_NAME = "$(TARGET_NAME)";
				PROVISIONING_PROFILE = "8e847407-6fd2-47f6-935c-9986392b75fd";
			};
			name = Release;
		};
		A3096F871BD38141002AFDF8 /* Debug */ = {
			isa = XCBuildConfiguration;
			buildSettings = {
				BUNDLE_LOADER = "$(TEST_HOST)";
				INFOPLIST_FILE = CollectionViewCodeTests/Info.plist;
				LD_RUNPATH_SEARCH_PATHS = "$(inherited) @executable_path/Frameworks @loader_path/Frameworks";
				PRODUCT_BUNDLE_IDENTIFIER = com.kfcc.CollectionViewCodeTests;
				PRODUCT_NAME = "$(TARGET_NAME)";
				TEST_HOST = "$(BUILT_PRODUCTS_DIR)/CollectionViewCode.app/CollectionViewCode";
			};
			name = Debug;
		};
		A3096F881BD38141002AFDF8 /* Release */ = {
			isa = XCBuildConfiguration;
			buildSettings = {
				BUNDLE_LOADER = "$(TEST_HOST)";
				INFOPLIST_FILE = CollectionViewCodeTests/Info.plist;
				LD_RUNPATH_SEARCH_PATHS = "$(inherited) @executable_path/Frameworks @loader_path/Frameworks";
				PRODUCT_BUNDLE_IDENTIFIER = com.kfcc.CollectionViewCodeTests;
				PRODUCT_NAME = "$(TARGET_NAME)";
				TEST_HOST = "$(BUILT_PRODUCTS_DIR)/CollectionViewCode.app/CollectionViewCode";
			};
			name = Release;
		};
		A3096F8A1BD38141002AFDF8 /* Debug */ = {
			isa = XCBuildConfiguration;
			buildSettings = {
				INFOPLIST_FILE = CollectionViewCodeUITests/Info.plist;
				LD_RUNPATH_SEARCH_PATHS = "$(inherited) @executable_path/Frameworks @loader_path/Frameworks";
				PRODUCT_BUNDLE_IDENTIFIER = com.kfcc.CollectionViewCodeUITests;
				PRODUCT_NAME = "$(TARGET_NAME)";
				TEST_TARGET_NAME = CollectionViewCode;
				USES_XCTRUNNER = YES;
			};
			name = Debug;
		};
		A3096F8B1BD38141002AFDF8 /* Release */ = {
			isa = XCBuildConfiguration;
			buildSettings = {
				INFOPLIST_FILE = CollectionViewCodeUITests/Info.plist;
				LD_RUNPATH_SEARCH_PATHS = "$(inherited) @executable_path/Frameworks @loader_path/Frameworks";
				PRODUCT_BUNDLE_IDENTIFIER = com.kfcc.CollectionViewCodeUITests;
				PRODUCT_NAME = "$(TARGET_NAME)";
				TEST_TARGET_NAME = CollectionViewCode;
				USES_XCTRUNNER = YES;
			};
			name = Release;
		};
/* End XCBuildConfiguration section */

/* Begin XCConfigurationList section */
		A3096F561BD38141002AFDF8 /* Build configuration list for PBXProject "CollectionViewCode" */ = {
			isa = XCConfigurationList;
			buildConfigurations = (
				A3096F811BD38141002AFDF8 /* Debug */,
				A3096F821BD38141002AFDF8 /* Release */,
			);
			defaultConfigurationIsVisible = 0;
			defaultConfigurationName = Release;
		};
		A3096F831BD38141002AFDF8 /* Build configuration list for PBXNativeTarget "CollectionViewCode" */ = {
			isa = XCConfigurationList;
			buildConfigurations = (
				A3096F841BD38141002AFDF8 /* Debug */,
				A3096F851BD38141002AFDF8 /* Release */,
			);
			defaultConfigurationIsVisible = 0;
			defaultConfigurationName = Release;
		};
		A3096F861BD38141002AFDF8 /* Build configuration list for PBXNativeTarget "CollectionViewCodeTests" */ = {
			isa = XCConfigurationList;
			buildConfigurations = (
				A3096F871BD38141002AFDF8 /* Debug */,
				A3096F881BD38141002AFDF8 /* Release */,
			);
			defaultConfigurationIsVisible = 0;
			defaultConfigurationName = Release;
		};
		A3096F891BD38141002AFDF8 /* Build configuration list for PBXNativeTarget "CollectionViewCodeUITests" */ = {
			isa = XCConfigurationList;
			buildConfigurations = (
				A3096F8A1BD38141002AFDF8 /* Debug */,
				A3096F8B1BD38141002AFDF8 /* Release */,
			);
			defaultConfigurationIsVisible = 0;
			defaultConfigurationName = Release;
		};
/* End XCConfigurationList section */
	};
	rootObject = A3096F531BD38141002AFDF8 /* Project object */;
}
